
Microsoft Visual Studio Solution File, Format Version 12.00
# Visual Studio 15
VisualStudioVersion = 15.0.27703.2035
MinimumVisualStudioVersion = 10.0.40219.1
Project("{8BC9CEB8-8B4A-11D0-8D11-00A0C91BC942}") = "CPPLearning", "CPPLearning\CPPLearning.vcxproj", "{534ABED8-D69E-4233-A2EC-2EE8D4FC5DAA}"
EndProject
Project("{8BC9CEB8-8B4A-11D0-8D11-00A0C91BC942}") = "CPP_Version_test", "CPP_Version_test\CPP_Version_test.vcxproj", "{3E2E3582-FAF1-414C-B7A7-D76BB6CE170D}"
EndProject
Project("{8BC9CEB8-8B4A-11D0-8D11-00A0C91BC942}") = "TCHAR_test", "TCHAR_test\TCHAR_test.vcxproj", "{66AE87D7-9941-4F6F-8DD3-EE20E11B2FBE}"
EndProject
Project("{8BC9CEB8-8B4A-11D0-8D11-00A0C91BC942}") = "fstream_demo", "fstream_demo\fstream_demo.vcxproj", "{680B19EC-8179-43E5-987C-21C0C79B435F}"
EndProject
Project("{8BC9CEB8-8B4A-11D0-8D11-00A0C91BC942}") = "TestDll", "TestDll\TestDll.vcxproj", "{78AF1E21-A4F0-4C5D-A03F-828B801EE2CE}"
EndProject
Project("{8BC9CEB8-8B4A-11D0-8D11-00A0C91BC942}") = "ConsoleApplication1", "ConsoleApplication1\ConsoleApplication1.vcxproj", "{9E290027-8081-49B2-805B-4C077EAC0DE5}"
EndProject
Project("{8BC9CEB8-8B4A-11D0-8D11-00A0C91BC942}") = "ConsoleApplication2", "ConsoleApplication2\ConsoleApplication2.vcxproj", "{129A81A8-D073-4B52-9094-56B96C242A76}"
EndProject
Project("{8BC9CEB8-8B4A-11D0-8D11-00A0C91BC942}") = "SingletonLog", "SingletonLog\SingletonLog.vcxproj", "{21198DD8-B18F-44C2-B830-8F1BA521AC42}"
EndProject
Project("{8BC9CEB8-8B4A-11D0-8D11-00A0C91BC942}") = "LogTest", "LogTest\LogTest.vcxproj", "{D437DF49-8508-49FB-B18E-0ACA56CA0D8D}"
EndProject
Project("{8BC9CEB8-8B4A-11D0-8D11-00A0C91BC942}") = "ConstructorDemo", "ConstructorDemo\ConstructorDemo.vcxproj", "{E7D03389-AAAA-4449-BEBD-89F04AEC02E9}"
EndProject
Project("{8BC9CEB8-8B4A-11D0-8D11-00A0C91BC942}") = "MyLock", "MyLock\MyLock.vcxproj", "{58B4B598-DF61-4DF1-A1F1-6D075B274570}"
EndProject
Project("{8BC9CEB8-8B4A-11D0-8D11-00A0C91BC942}") = "VirtualFunctionDemo", "VirtualFunctionDemo\VirtualFunctionDemo.vcxproj", "{01F3B8D2-6E18-4C8D-84FC-1356B1E223C3}"
EndProject
Project("{8BC9CEB8-8B4A-11D0-8D11-00A0C91BC942}") = "ModifierDeMO", "ModifierDeMO\ModifierDeMO.vcxproj", "{D7D8ECAF-A4BE-4260-A33D-27C92C493D25}"
EndProject
Project("{2150E333-8FDC-42A3-9474-1A3956D46DE8}") = "Socket", "Socket", "{4F6617DE-1193-47A8-8BF5-356EE9B1EFCF}"
EndProject
Project("{8BC9CEB8-8B4A-11D0-8D11-00A0C91BC942}") = "SocketServerDemo", "SocketServerDemo\SocketServerDemo.vcxproj", "{53B2AEA4-A7B2-42D4-8396-8EBAA989F79F}"
EndProject
Project("{8BC9CEB8-8B4A-11D0-8D11-00A0C91BC942}") = "SocketClientDemo", "SocketClientDemo\SocketClientDemo.vcxproj", "{6C88B609-85F6-41B3-B238-3BC565020F43}"
EndProject
Project("{8BC9CEB8-8B4A-11D0-8D11-00A0C91BC942}") = "NameReturnValueTest", "NameReturnValueTest\NameReturnValueTest.vcxproj", "{837E31C5-74E0-4077-ADC2-04DC221B3A7C}"
EndProject
Project("{8BC9CEB8-8B4A-11D0-8D11-00A0C91BC942}") = "SocketClientTest", "SocketClientTest\SocketClientTest.vcxproj", "{34FC2F26-E493-4097-AEA4-63C823D0170D}"
EndProject
Project("{8BC9CEB8-8B4A-11D0-8D11-00A0C91BC942}") = "SizeofTest", "SizeofTest\SizeofTest.vcxproj", "{0FB3BF92-05D1-44A6-A1F0-9629A89784DB}"
EndProject
Project("{8BC9CEB8-8B4A-11D0-8D11-00A0C91BC942}") = "namespacetest", "namespacetest\namespacetest.vcxproj", "{0B2A0886-85AD-4B1B-BA92-585DAADDF4E5}"
EndProject
Project("{8BC9CEB8-8B4A-11D0-8D11-00A0C91BC942}") = "StaticLib1", "StaticLib1\StaticLib1.vcxproj", "{08ACCD23-BD7A-40CA-9F5E-B29527B6F0D7}"
EndProject
Project("{2150E333-8FDC-42A3-9474-1A3956D46DE8}") = "dll_vs_lib", "dll_vs_lib", "{2C74692B-804B-48FF-9A70-494689054B4B}"
EndProject
Project("{8BC9CEB8-8B4A-11D0-8D11-00A0C91BC942}") = "Dll1", "Dll1\Dll1.vcxproj", "{F605B1AF-26D2-4783-AE2B-CA7599815DAD}"
EndProject
Project("{8BC9CEB8-8B4A-11D0-8D11-00A0C91BC942}") = "clientapp", "clientapp\clientapp.vcxproj", "{E8C81EA7-6B78-45AB-ACC2-EBF510076D19}"
EndProject
Project("{8BC9CEB8-8B4A-11D0-8D11-00A0C91BC942}") = "AvoidTemplateCodeExpansion", "AvoidTemplateCodeExpansion\AvoidTemplateCodeExpansion.vcxproj", "{DDA7FD38-8E3C-409E-BDD4-50A923D3222B}"
EndProject
Project("{8BC9CEB8-8B4A-11D0-8D11-00A0C91BC942}") = "CRTP_demo", "CRTP_demo\CRTP_demo.vcxproj", "{3B5E7AD5-9C3E-40A7-AC18-EDC5C818D1FC}"
EndProject
Project("{8BC9CEB8-8B4A-11D0-8D11-00A0C91BC942}") = "ReferenceTest", "ReferenceTest\ReferenceTest.vcxproj", "{EFD71C78-43E5-4C5E-B5F1-B01DCEAF2E50}"
EndProject
Project("{8BC9CEB8-8B4A-11D0-8D11-00A0C91BC942}") = "PreprocessorTest", "PreprocessorTest\PreprocessorTest.vcxproj", "{26454839-824D-49FC-A954-DCED0EE7D623}"
EndProject
Project("{8BC9CEB8-8B4A-11D0-8D11-00A0C91BC942}") = "MediaFoundationDemo", "MediaFoundationDemo\MediaFoundationDemo.vcxproj", "{8BAA3690-ACD3-4779-9F41-2012538CE5AC}"
EndProject
Project("{8BC9CEB8-8B4A-11D0-8D11-00A0C91BC942}") = "SmartPointerDemo", "SmartPointerDemo\SmartPointerDemo.vcxproj", "{23C12EDF-890D-4608-98DE-2EE3D0BF02DE}"
EndProject
Project("{8BC9CEB8-8B4A-11D0-8D11-00A0C91BC942}") = "VersionTest", "VersionTest\VersionTest.vcxproj", "{C8BF4304-ACE0-4F05-8918-C08F4E01FFEC}"
EndProject
Project("{8BC9CEB8-8B4A-11D0-8D11-00A0C91BC942}") = "DuffsDevice", "DuffsDevice\DuffsDevice.vcxproj", "{67FA8879-3B62-42E1-AEDD-E12A1A19C754}"
EndProject
Project("{8BC9CEB8-8B4A-11D0-8D11-00A0C91BC942}") = "thread_test", "thread_test\thread_test.vcxproj", "{469EF89F-3A0A-4780-8AB1-F025333C2904}"
EndProject
Global
	GlobalSection(SolutionConfigurationPlatforms) = preSolution
		Debug|Win32 = Debug|Win32
		Debug|x64 = Debug|x64
		Release|Win32 = Release|Win32
		Release|x64 = Release|x64
	EndGlobalSection
	GlobalSection(ProjectConfigurationPlatforms) = postSolution
		{534ABED8-D69E-4233-A2EC-2EE8D4FC5DAA}.Debug|Win32.ActiveCfg = Debug|Win32
		{534ABED8-D69E-4233-A2EC-2EE8D4FC5DAA}.Debug|Win32.Build.0 = Debug|Win32
		{534ABED8-D69E-4233-A2EC-2EE8D4FC5DAA}.Debug|x64.ActiveCfg = Debug|x64
		{534ABED8-D69E-4233-A2EC-2EE8D4FC5DAA}.Debug|x64.Build.0 = Debug|x64
		{534ABED8-D69E-4233-A2EC-2EE8D4FC5DAA}.Release|Win32.ActiveCfg = Release|Win32
		{534ABED8-D69E-4233-A2EC-2EE8D4FC5DAA}.Release|Win32.Build.0 = Release|Win32
		{534ABED8-D69E-4233-A2EC-2EE8D4FC5DAA}.Release|x64.ActiveCfg = Release|x64
		{534ABED8-D69E-4233-A2EC-2EE8D4FC5DAA}.Release|x64.Build.0 = Release|x64
		{3E2E3582-FAF1-414C-B7A7-D76BB6CE170D}.Debug|Win32.ActiveCfg = Debug|Win32
		{3E2E3582-FAF1-414C-B7A7-D76BB6CE170D}.Debug|Win32.Build.0 = Debug|Win32
		{3E2E3582-FAF1-414C-B7A7-D76BB6CE170D}.Debug|x64.ActiveCfg = Debug|x64
		{3E2E3582-FAF1-414C-B7A7-D76BB6CE170D}.Debug|x64.Build.0 = Debug|x64
		{3E2E3582-FAF1-414C-B7A7-D76BB6CE170D}.Release|Win32.ActiveCfg = Release|Win32
		{3E2E3582-FAF1-414C-B7A7-D76BB6CE170D}.Release|Win32.Build.0 = Release|Win32
		{3E2E3582-FAF1-414C-B7A7-D76BB6CE170D}.Release|x64.ActiveCfg = Release|x64
		{3E2E3582-FAF1-414C-B7A7-D76BB6CE170D}.Release|x64.Build.0 = Release|x64
		{66AE87D7-9941-4F6F-8DD3-EE20E11B2FBE}.Debug|Win32.ActiveCfg = Debug|Win32
		{66AE87D7-9941-4F6F-8DD3-EE20E11B2FBE}.Debug|Win32.Build.0 = Debug|Win32
		{66AE87D7-9941-4F6F-8DD3-EE20E11B2FBE}.Debug|x64.ActiveCfg = Debug|x64
		{66AE87D7-9941-4F6F-8DD3-EE20E11B2FBE}.Debug|x64.Build.0 = Debug|x64
		{66AE87D7-9941-4F6F-8DD3-EE20E11B2FBE}.Release|Win32.ActiveCfg = Release|Win32
		{66AE87D7-9941-4F6F-8DD3-EE20E11B2FBE}.Release|Win32.Build.0 = Release|Win32
		{66AE87D7-9941-4F6F-8DD3-EE20E11B2FBE}.Release|x64.ActiveCfg = Release|x64
		{66AE87D7-9941-4F6F-8DD3-EE20E11B2FBE}.Release|x64.Build.0 = Release|x64
		{680B19EC-8179-43E5-987C-21C0C79B435F}.Debug|Win32.ActiveCfg = Debug|Win32
		{680B19EC-8179-43E5-987C-21C0C79B435F}.Debug|Win32.Build.0 = Debug|Win32
		{680B19EC-8179-43E5-987C-21C0C79B435F}.Debug|x64.ActiveCfg = Debug|x64
		{680B19EC-8179-43E5-987C-21C0C79B435F}.Debug|x64.Build.0 = Debug|x64
		{680B19EC-8179-43E5-987C-21C0C79B435F}.Release|Win32.ActiveCfg = Release|Win32
		{680B19EC-8179-43E5-987C-21C0C79B435F}.Release|Win32.Build.0 = Release|Win32
		{680B19EC-8179-43E5-987C-21C0C79B435F}.Release|x64.ActiveCfg = Release|x64
		{680B19EC-8179-43E5-987C-21C0C79B435F}.Release|x64.Build.0 = Release|x64
		{78AF1E21-A4F0-4C5D-A03F-828B801EE2CE}.Debug|Win32.ActiveCfg = Debug|Win32
		{78AF1E21-A4F0-4C5D-A03F-828B801EE2CE}.Debug|Win32.Build.0 = Debug|Win32
		{78AF1E21-A4F0-4C5D-A03F-828B801EE2CE}.Debug|x64.ActiveCfg = Debug|x64
		{78AF1E21-A4F0-4C5D-A03F-828B801EE2CE}.Debug|x64.Build.0 = Debug|x64
		{78AF1E21-A4F0-4C5D-A03F-828B801EE2CE}.Release|Win32.ActiveCfg = Release|Win32
		{78AF1E21-A4F0-4C5D-A03F-828B801EE2CE}.Release|Win32.Build.0 = Release|Win32
		{78AF1E21-A4F0-4C5D-A03F-828B801EE2CE}.Release|x64.ActiveCfg = Release|x64
		{78AF1E21-A4F0-4C5D-A03F-828B801EE2CE}.Release|x64.Build.0 = Release|x64
		{9E290027-8081-49B2-805B-4C077EAC0DE5}.Debug|Win32.ActiveCfg = Debug|Win32
		{9E290027-8081-49B2-805B-4C077EAC0DE5}.Debug|Win32.Build.0 = Debug|Win32
		{9E290027-8081-49B2-805B-4C077EAC0DE5}.Debug|x64.ActiveCfg = Debug|x64
		{9E290027-8081-49B2-805B-4C077EAC0DE5}.Debug|x64.Build.0 = Debug|x64
		{9E290027-8081-49B2-805B-4C077EAC0DE5}.Release|Win32.ActiveCfg = Release|Win32
		{9E290027-8081-49B2-805B-4C077EAC0DE5}.Release|Win32.Build.0 = Release|Win32
		{9E290027-8081-49B2-805B-4C077EAC0DE5}.Release|x64.ActiveCfg = Release|x64
		{9E290027-8081-49B2-805B-4C077EAC0DE5}.Release|x64.Build.0 = Release|x64
		{129A81A8-D073-4B52-9094-56B96C242A76}.Debug|Win32.ActiveCfg = Debug|Win32
		{129A81A8-D073-4B52-9094-56B96C242A76}.Debug|Win32.Build.0 = Debug|Win32
		{129A81A8-D073-4B52-9094-56B96C242A76}.Debug|x64.ActiveCfg = Debug|x64
		{129A81A8-D073-4B52-9094-56B96C242A76}.Debug|x64.Build.0 = Debug|x64
		{129A81A8-D073-4B52-9094-56B96C242A76}.Release|Win32.ActiveCfg = Release|Win32
		{129A81A8-D073-4B52-9094-56B96C242A76}.Release|Win32.Build.0 = Release|Win32
		{129A81A8-D073-4B52-9094-56B96C242A76}.Release|x64.ActiveCfg = Release|x64
		{129A81A8-D073-4B52-9094-56B96C242A76}.Release|x64.Build.0 = Release|x64
		{21198DD8-B18F-44C2-B830-8F1BA521AC42}.Debug|Win32.ActiveCfg = Debug|Win32
		{21198DD8-B18F-44C2-B830-8F1BA521AC42}.Debug|Win32.Build.0 = Debug|Win32
		{21198DD8-B18F-44C2-B830-8F1BA521AC42}.Debug|x64.ActiveCfg = Debug|x64
		{21198DD8-B18F-44C2-B830-8F1BA521AC42}.Debug|x64.Build.0 = Debug|x64
		{21198DD8-B18F-44C2-B830-8F1BA521AC42}.Release|Win32.ActiveCfg = Release|Win32
		{21198DD8-B18F-44C2-B830-8F1BA521AC42}.Release|Win32.Build.0 = Release|Win32
		{21198DD8-B18F-44C2-B830-8F1BA521AC42}.Release|x64.ActiveCfg = Release|x64
		{21198DD8-B18F-44C2-B830-8F1BA521AC42}.Release|x64.Build.0 = Release|x64
		{D437DF49-8508-49FB-B18E-0ACA56CA0D8D}.Debug|Win32.ActiveCfg = Debug|Win32
		{D437DF49-8508-49FB-B18E-0ACA56CA0D8D}.Debug|Win32.Build.0 = Debug|Win32
		{D437DF49-8508-49FB-B18E-0ACA56CA0D8D}.Debug|x64.ActiveCfg = Debug|x64
		{D437DF49-8508-49FB-B18E-0ACA56CA0D8D}.Debug|x64.Build.0 = Debug|x64
		{D437DF49-8508-49FB-B18E-0ACA56CA0D8D}.Release|Win32.ActiveCfg = Release|Win32
		{D437DF49-8508-49FB-B18E-0ACA56CA0D8D}.Release|Win32.Build.0 = Release|Win32
		{D437DF49-8508-49FB-B18E-0ACA56CA0D8D}.Release|x64.ActiveCfg = Release|x64
		{D437DF49-8508-49FB-B18E-0ACA56CA0D8D}.Release|x64.Build.0 = Release|x64
		{E7D03389-AAAA-4449-BEBD-89F04AEC02E9}.Debug|Win32.ActiveCfg = Debug|Win32
		{E7D03389-AAAA-4449-BEBD-89F04AEC02E9}.Debug|Win32.Build.0 = Debug|Win32
		{E7D03389-AAAA-4449-BEBD-89F04AEC02E9}.Debug|x64.ActiveCfg = Debug|x64
		{E7D03389-AAAA-4449-BEBD-89F04AEC02E9}.Debug|x64.Build.0 = Debug|x64
		{E7D03389-AAAA-4449-BEBD-89F04AEC02E9}.Release|Win32.ActiveCfg = Release|Win32
		{E7D03389-AAAA-4449-BEBD-89F04AEC02E9}.Release|Win32.Build.0 = Release|Win32
		{E7D03389-AAAA-4449-BEBD-89F04AEC02E9}.Release|x64.ActiveCfg = Release|x64
		{E7D03389-AAAA-4449-BEBD-89F04AEC02E9}.Release|x64.Build.0 = Release|x64
		{58B4B598-DF61-4DF1-A1F1-6D075B274570}.Debug|Win32.ActiveCfg = Debug|Win32
		{58B4B598-DF61-4DF1-A1F1-6D075B274570}.Debug|Win32.Build.0 = Debug|Win32
		{58B4B598-DF61-4DF1-A1F1-6D075B274570}.Debug|x64.ActiveCfg = Debug|x64
		{58B4B598-DF61-4DF1-A1F1-6D075B274570}.Debug|x64.Build.0 = Debug|x64
		{58B4B598-DF61-4DF1-A1F1-6D075B274570}.Release|Win32.ActiveCfg = Release|Win32
		{58B4B598-DF61-4DF1-A1F1-6D075B274570}.Release|Win32.Build.0 = Release|Win32
		{58B4B598-DF61-4DF1-A1F1-6D075B274570}.Release|x64.ActiveCfg = Release|x64
		{58B4B598-DF61-4DF1-A1F1-6D075B274570}.Release|x64.Build.0 = Release|x64
		{01F3B8D2-6E18-4C8D-84FC-1356B1E223C3}.Debug|Win32.ActiveCfg = Debug|Win32
		{01F3B8D2-6E18-4C8D-84FC-1356B1E223C3}.Debug|Win32.Build.0 = Debug|Win32
		{01F3B8D2-6E18-4C8D-84FC-1356B1E223C3}.Debug|x64.ActiveCfg = Debug|x64
		{01F3B8D2-6E18-4C8D-84FC-1356B1E223C3}.Debug|x64.Build.0 = Debug|x64
		{01F3B8D2-6E18-4C8D-84FC-1356B1E223C3}.Release|Win32.ActiveCfg = Release|Win32
		{01F3B8D2-6E18-4C8D-84FC-1356B1E223C3}.Release|Win32.Build.0 = Release|Win32
		{01F3B8D2-6E18-4C8D-84FC-1356B1E223C3}.Release|x64.ActiveCfg = Release|x64
		{01F3B8D2-6E18-4C8D-84FC-1356B1E223C3}.Release|x64.Build.0 = Release|x64
		{D7D8ECAF-A4BE-4260-A33D-27C92C493D25}.Debug|Win32.ActiveCfg = Debug|Win32
		{D7D8ECAF-A4BE-4260-A33D-27C92C493D25}.Debug|Win32.Build.0 = Debug|Win32
		{D7D8ECAF-A4BE-4260-A33D-27C92C493D25}.Debug|x64.ActiveCfg = Debug|x64
		{D7D8ECAF-A4BE-4260-A33D-27C92C493D25}.Debug|x64.Build.0 = Debug|x64
		{D7D8ECAF-A4BE-4260-A33D-27C92C493D25}.Release|Win32.ActiveCfg = Release|Win32
		{D7D8ECAF-A4BE-4260-A33D-27C92C493D25}.Release|Win32.Build.0 = Release|Win32
		{D7D8ECAF-A4BE-4260-A33D-27C92C493D25}.Release|x64.ActiveCfg = Release|x64
		{D7D8ECAF-A4BE-4260-A33D-27C92C493D25}.Release|x64.Build.0 = Release|x64
		{53B2AEA4-A7B2-42D4-8396-8EBAA989F79F}.Debug|Win32.ActiveCfg = Debug|Win32
		{53B2AEA4-A7B2-42D4-8396-8EBAA989F79F}.Debug|Win32.Build.0 = Debug|Win32
		{53B2AEA4-A7B2-42D4-8396-8EBAA989F79F}.Debug|x64.ActiveCfg = Debug|x64
		{53B2AEA4-A7B2-42D4-8396-8EBAA989F79F}.Debug|x64.Build.0 = Debug|x64
		{53B2AEA4-A7B2-42D4-8396-8EBAA989F79F}.Release|Win32.ActiveCfg = Release|Win32
		{53B2AEA4-A7B2-42D4-8396-8EBAA989F79F}.Release|Win32.Build.0 = Release|Win32
		{53B2AEA4-A7B2-42D4-8396-8EBAA989F79F}.Release|x64.ActiveCfg = Release|x64
		{53B2AEA4-A7B2-42D4-8396-8EBAA989F79F}.Release|x64.Build.0 = Release|x64
		{6C88B609-85F6-41B3-B238-3BC565020F43}.Debug|Win32.ActiveCfg = Debug|Win32
		{6C88B609-85F6-41B3-B238-3BC565020F43}.Debug|Win32.Build.0 = Debug|Win32
		{6C88B609-85F6-41B3-B238-3BC565020F43}.Debug|x64.ActiveCfg = Debug|x64
		{6C88B609-85F6-41B3-B238-3BC565020F43}.Debug|x64.Build.0 = Debug|x64
		{6C88B609-85F6-41B3-B238-3BC565020F43}.Release|Win32.ActiveCfg = Release|Win32
		{6C88B609-85F6-41B3-B238-3BC565020F43}.Release|Win32.Build.0 = Release|Win32
		{6C88B609-85F6-41B3-B238-3BC565020F43}.Release|x64.ActiveCfg = Release|x64
		{6C88B609-85F6-41B3-B238-3BC565020F43}.Release|x64.Build.0 = Release|x64
		{837E31C5-74E0-4077-ADC2-04DC221B3A7C}.Debug|Win32.ActiveCfg = Debug|Win32
		{837E31C5-74E0-4077-ADC2-04DC221B3A7C}.Debug|Win32.Build.0 = Debug|Win32
		{837E31C5-74E0-4077-ADC2-04DC221B3A7C}.Debug|x64.ActiveCfg = Debug|x64
		{837E31C5-74E0-4077-ADC2-04DC221B3A7C}.Debug|x64.Build.0 = Debug|x64
		{837E31C5-74E0-4077-ADC2-04DC221B3A7C}.Release|Win32.ActiveCfg = Release|Win32
		{837E31C5-74E0-4077-ADC2-04DC221B3A7C}.Release|Win32.Build.0 = Release|Win32
		{837E31C5-74E0-4077-ADC2-04DC221B3A7C}.Release|x64.ActiveCfg = Release|x64
		{837E31C5-74E0-4077-ADC2-04DC221B3A7C}.Release|x64.Build.0 = Release|x64
		{34FC2F26-E493-4097-AEA4-63C823D0170D}.Debug|Win32.ActiveCfg = Debug|Win32
		{34FC2F26-E493-4097-AEA4-63C823D0170D}.Debug|Win32.Build.0 = Debug|Win32
		{34FC2F26-E493-4097-AEA4-63C823D0170D}.Debug|x64.ActiveCfg = Debug|x64
		{34FC2F26-E493-4097-AEA4-63C823D0170D}.Debug|x64.Build.0 = Debug|x64
		{34FC2F26-E493-4097-AEA4-63C823D0170D}.Release|Win32.ActiveCfg = Release|Win32
		{34FC2F26-E493-4097-AEA4-63C823D0170D}.Release|Win32.Build.0 = Release|Win32
		{34FC2F26-E493-4097-AEA4-63C823D0170D}.Release|x64.ActiveCfg = Release|x64
		{34FC2F26-E493-4097-AEA4-63C823D0170D}.Release|x64.Build.0 = Release|x64
		{0FB3BF92-05D1-44A6-A1F0-9629A89784DB}.Debug|Win32.ActiveCfg = Debug|Win32
		{0FB3BF92-05D1-44A6-A1F0-9629A89784DB}.Debug|Win32.Build.0 = Debug|Win32
		{0FB3BF92-05D1-44A6-A1F0-9629A89784DB}.Debug|x64.ActiveCfg = Debug|x64
		{0FB3BF92-05D1-44A6-A1F0-9629A89784DB}.Debug|x64.Build.0 = Debug|x64
		{0FB3BF92-05D1-44A6-A1F0-9629A89784DB}.Release|Win32.ActiveCfg = Release|Win32
		{0FB3BF92-05D1-44A6-A1F0-9629A89784DB}.Release|Win32.Build.0 = Release|Win32
		{0FB3BF92-05D1-44A6-A1F0-9629A89784DB}.Release|x64.ActiveCfg = Release|x64
		{0FB3BF92-05D1-44A6-A1F0-9629A89784DB}.Release|x64.Build.0 = Release|x64
		{0B2A0886-85AD-4B1B-BA92-585DAADDF4E5}.Debug|Win32.ActiveCfg = Debug|Win32
		{0B2A0886-85AD-4B1B-BA92-585DAADDF4E5}.Debug|Win32.Build.0 = Debug|Win32
		{0B2A0886-85AD-4B1B-BA92-585DAADDF4E5}.Debug|x64.ActiveCfg = Debug|x64
		{0B2A0886-85AD-4B1B-BA92-585DAADDF4E5}.Debug|x64.Build.0 = Debug|x64
		{0B2A0886-85AD-4B1B-BA92-585DAADDF4E5}.Release|Win32.ActiveCfg = Release|Win32
		{0B2A0886-85AD-4B1B-BA92-585DAADDF4E5}.Release|Win32.Build.0 = Release|Win32
		{0B2A0886-85AD-4B1B-BA92-585DAADDF4E5}.Release|x64.ActiveCfg = Release|x64
		{0B2A0886-85AD-4B1B-BA92-585DAADDF4E5}.Release|x64.Build.0 = Release|x64
		{08ACCD23-BD7A-40CA-9F5E-B29527B6F0D7}.Debug|Win32.ActiveCfg = Debug|Win32
		{08ACCD23-BD7A-40CA-9F5E-B29527B6F0D7}.Debug|Win32.Build.0 = Debug|Win32
		{08ACCD23-BD7A-40CA-9F5E-B29527B6F0D7}.Debug|x64.ActiveCfg = Debug|x64
		{08ACCD23-BD7A-40CA-9F5E-B29527B6F0D7}.Debug|x64.Build.0 = Debug|x64
		{08ACCD23-BD7A-40CA-9F5E-B29527B6F0D7}.Release|Win32.ActiveCfg = Release|Win32
		{08ACCD23-BD7A-40CA-9F5E-B29527B6F0D7}.Release|Win32.Build.0 = Release|Win32
		{08ACCD23-BD7A-40CA-9F5E-B29527B6F0D7}.Release|x64.ActiveCfg = Release|x64
		{08ACCD23-BD7A-40CA-9F5E-B29527B6F0D7}.Release|x64.Build.0 = Release|x64
		{F605B1AF-26D2-4783-AE2B-CA7599815DAD}.Debug|Win32.ActiveCfg = Debug|Win32
		{F605B1AF-26D2-4783-AE2B-CA7599815DAD}.Debug|Win32.Build.0 = Debug|Win32
		{F605B1AF-26D2-4783-AE2B-CA7599815DAD}.Debug|x64.ActiveCfg = Debug|x64
		{F605B1AF-26D2-4783-AE2B-CA7599815DAD}.Debug|x64.Build.0 = Debug|x64
		{F605B1AF-26D2-4783-AE2B-CA7599815DAD}.Release|Win32.ActiveCfg = Release|Win32
		{F605B1AF-26D2-4783-AE2B-CA7599815DAD}.Release|Win32.Build.0 = Release|Win32
		{F605B1AF-26D2-4783-AE2B-CA7599815DAD}.Release|x64.ActiveCfg = Release|x64
		{F605B1AF-26D2-4783-AE2B-CA7599815DAD}.Release|x64.Build.0 = Release|x64
		{E8C81EA7-6B78-45AB-ACC2-EBF510076D19}.Debug|Win32.ActiveCfg = Debug|Win32
		{E8C81EA7-6B78-45AB-ACC2-EBF510076D19}.Debug|Win32.Build.0 = Debug|Win32
		{E8C81EA7-6B78-45AB-ACC2-EBF510076D19}.Debug|x64.ActiveCfg = Debug|x64
		{E8C81EA7-6B78-45AB-ACC2-EBF510076D19}.Debug|x64.Build.0 = Debug|x64
		{E8C81EA7-6B78-45AB-ACC2-EBF510076D19}.Release|Win32.ActiveCfg = Release|Win32
		{E8C81EA7-6B78-45AB-ACC2-EBF510076D19}.Release|Win32.Build.0 = Release|Win32
		{E8C81EA7-6B78-45AB-ACC2-EBF510076D19}.Release|x64.ActiveCfg = Release|x64
		{E8C81EA7-6B78-45AB-ACC2-EBF510076D19}.Release|x64.Build.0 = Release|x64
		{DDA7FD38-8E3C-409E-BDD4-50A923D3222B}.Debug|Win32.ActiveCfg = Debug|Win32
		{DDA7FD38-8E3C-409E-BDD4-50A923D3222B}.Debug|Win32.Build.0 = Debug|Win32
		{DDA7FD38-8E3C-409E-BDD4-50A923D3222B}.Debug|x64.ActiveCfg = Debug|x64
		{DDA7FD38-8E3C-409E-BDD4-50A923D3222B}.Debug|x64.Build.0 = Debug|x64
		{DDA7FD38-8E3C-409E-BDD4-50A923D3222B}.Release|Win32.ActiveCfg = Release|Win32
		{DDA7FD38-8E3C-409E-BDD4-50A923D3222B}.Release|Win32.Build.0 = Release|Win32
		{DDA7FD38-8E3C-409E-BDD4-50A923D3222B}.Release|x64.ActiveCfg = Release|x64
		{DDA7FD38-8E3C-409E-BDD4-50A923D3222B}.Release|x64.Build.0 = Release|x64
		{3B5E7AD5-9C3E-40A7-AC18-EDC5C818D1FC}.Debug|Win32.ActiveCfg = Debug|Win32
		{3B5E7AD5-9C3E-40A7-AC18-EDC5C818D1FC}.Debug|Win32.Build.0 = Debug|Win32
		{3B5E7AD5-9C3E-40A7-AC18-EDC5C818D1FC}.Debug|x64.ActiveCfg = Debug|x64
		{3B5E7AD5-9C3E-40A7-AC18-EDC5C818D1FC}.Debug|x64.Build.0 = Debug|x64
		{3B5E7AD5-9C3E-40A7-AC18-EDC5C818D1FC}.Release|Win32.ActiveCfg = Release|Win32
		{3B5E7AD5-9C3E-40A7-AC18-EDC5C818D1FC}.Release|Win32.Build.0 = Release|Win32
		{3B5E7AD5-9C3E-40A7-AC18-EDC5C818D1FC}.Release|x64.ActiveCfg = Release|x64
		{3B5E7AD5-9C3E-40A7-AC18-EDC5C818D1FC}.Release|x64.Build.0 = Release|x64
		{EFD71C78-43E5-4C5E-B5F1-B01DCEAF2E50}.Debug|Win32.ActiveCfg = Debug|Win32
		{EFD71C78-43E5-4C5E-B5F1-B01DCEAF2E50}.Debug|Win32.Build.0 = Debug|Win32
		{EFD71C78-43E5-4C5E-B5F1-B01DCEAF2E50}.Debug|x64.ActiveCfg = Debug|x64
		{EFD71C78-43E5-4C5E-B5F1-B01DCEAF2E50}.Debug|x64.Build.0 = Debug|x64
		{EFD71C78-43E5-4C5E-B5F1-B01DCEAF2E50}.Release|Win32.ActiveCfg = Release|Win32
		{EFD71C78-43E5-4C5E-B5F1-B01DCEAF2E50}.Release|Win32.Build.0 = Release|Win32
		{EFD71C78-43E5-4C5E-B5F1-B01DCEAF2E50}.Release|x64.ActiveCfg = Release|x64
		{EFD71C78-43E5-4C5E-B5F1-B01DCEAF2E50}.Release|x64.Build.0 = Release|x64
		{26454839-824D-49FC-A954-DCED0EE7D623}.Debug|Win32.ActiveCfg = Debug|Win32
		{26454839-824D-49FC-A954-DCED0EE7D623}.Debug|Win32.Build.0 = Debug|Win32
		{26454839-824D-49FC-A954-DCED0EE7D623}.Debug|x64.ActiveCfg = Debug|x64
		{26454839-824D-49FC-A954-DCED0EE7D623}.Debug|x64.Build.0 = Debug|x64
		{26454839-824D-49FC-A954-DCED0EE7D623}.Release|Win32.ActiveCfg = Release|Win32
		{26454839-824D-49FC-A954-DCED0EE7D623}.Release|Win32.Build.0 = Release|Win32
		{26454839-824D-49FC-A954-DCED0EE7D623}.Release|x64.ActiveCfg = Release|x64
		{26454839-824D-49FC-A954-DCED0EE7D623}.Release|x64.Build.0 = Release|x64
		{8BAA3690-ACD3-4779-9F41-2012538CE5AC}.Debug|Win32.ActiveCfg = Debug|Win32
		{8BAA3690-ACD3-4779-9F41-2012538CE5AC}.Debug|Win32.Build.0 = Debug|Win32
		{8BAA3690-ACD3-4779-9F41-2012538CE5AC}.Debug|x64.ActiveCfg = Debug|x64
		{8BAA3690-ACD3-4779-9F41-2012538CE5AC}.Debug|x64.Build.0 = Debug|x64
		{8BAA3690-ACD3-4779-9F41-2012538CE5AC}.Release|Win32.ActiveCfg = Release|Win32
		{8BAA3690-ACD3-4779-9F41-2012538CE5AC}.Release|Win32.Build.0 = Release|Win32
		{8BAA3690-ACD3-4779-9F41-2012538CE5AC}.Release|x64.ActiveCfg = Release|x64
		{8BAA3690-ACD3-4779-9F41-2012538CE5AC}.Release|x64.Build.0 = Release|x64
		{23C12EDF-890D-4608-98DE-2EE3D0BF02DE}.Debug|Win32.ActiveCfg = Debug|Win32
		{23C12EDF-890D-4608-98DE-2EE3D0BF02DE}.Debug|Win32.Build.0 = Debug|Win32
		{23C12EDF-890D-4608-98DE-2EE3D0BF02DE}.Debug|x64.ActiveCfg = Debug|x64
		{23C12EDF-890D-4608-98DE-2EE3D0BF02DE}.Debug|x64.Build.0 = Debug|x64
		{23C12EDF-890D-4608-98DE-2EE3D0BF02DE}.Release|Win32.ActiveCfg = Release|Win32
		{23C12EDF-890D-4608-98DE-2EE3D0BF02DE}.Release|Win32.Build.0 = Release|Win32
		{23C12EDF-890D-4608-98DE-2EE3D0BF02DE}.Release|x64.ActiveCfg = Release|x64
		{23C12EDF-890D-4608-98DE-2EE3D0BF02DE}.Release|x64.Build.0 = Release|x64
		{C8BF4304-ACE0-4F05-8918-C08F4E01FFEC}.Debug|Win32.ActiveCfg = Debug|Win32
		{C8BF4304-ACE0-4F05-8918-C08F4E01FFEC}.Debug|Win32.Build.0 = Debug|Win32
		{C8BF4304-ACE0-4F05-8918-C08F4E01FFEC}.Debug|x64.ActiveCfg = Debug|x64
		{C8BF4304-ACE0-4F05-8918-C08F4E01FFEC}.Debug|x64.Build.0 = Debug|x64
		{C8BF4304-ACE0-4F05-8918-C08F4E01FFEC}.Release|Win32.ActiveCfg = Release|Win32
		{C8BF4304-ACE0-4F05-8918-C08F4E01FFEC}.Release|Win32.Build.0 = Release|Win32
		{C8BF4304-ACE0-4F05-8918-C08F4E01FFEC}.Release|x64.ActiveCfg = Release|x64
		{C8BF4304-ACE0-4F05-8918-C08F4E01FFEC}.Release|x64.Build.0 = Release|x64
		{67FA8879-3B62-42E1-AEDD-E12A1A19C754}.Debug|Win32.ActiveCfg = Debug|Win32
		{67FA8879-3B62-42E1-AEDD-E12A1A19C754}.Debug|Win32.Build.0 = Debug|Win32
		{67FA8879-3B62-42E1-AEDD-E12A1A19C754}.Debug|x64.ActiveCfg = Debug|x64
		{67FA8879-3B62-42E1-AEDD-E12A1A19C754}.Debug|x64.Build.0 = Debug|x64
		{67FA8879-3B62-42E1-AEDD-E12A1A19C754}.Release|Win32.ActiveCfg = Release|Win32
		{67FA8879-3B62-42E1-AEDD-E12A1A19C754}.Release|Win32.Build.0 = Release|Win32
		{67FA8879-3B62-42E1-AEDD-E12A1A19C754}.Release|x64.ActiveCfg = Release|x64
		{67FA8879-3B62-42E1-AEDD-E12A1A19C754}.Release|x64.Build.0 = Release|x64
		{469EF89F-3A0A-4780-8AB1-F025333C2904}.Debug|Win32.ActiveCfg = Debug|Win32
		{469EF89F-3A0A-4780-8AB1-F025333C2904}.Debug|Win32.Build.0 = Debug|Win32
		{469EF89F-3A0A-4780-8AB1-F025333C2904}.Debug|x64.ActiveCfg = Debug|x64
		{469EF89F-3A0A-4780-8AB1-F025333C2904}.Debug|x64.Build.0 = Debug|x64
		{469EF89F-3A0A-4780-8AB1-F025333C2904}.Release|Win32.ActiveCfg = Release|Win32
		{469EF89F-3A0A-4780-8AB1-F025333C2904}.Release|Win32.Build.0 = Release|Win32
		{469EF89F-3A0A-4780-8AB1-F025333C2904}.Release|x64.ActiveCfg = Release|x64
		{469EF89F-3A0A-4780-8AB1-F025333C2904}.Release|x64.Build.0 = Release|x64
	EndGlobalSection
	GlobalSection(SolutionProperties) = preSolution
		HideSolutionNode = FALSE
	EndGlobalSection
	GlobalSection(NestedProjects) = preSolution
		{53B2AEA4-A7B2-42D4-8396-8EBAA989F79F} = {4F6617DE-1193-47A8-8BF5-356EE9B1EFCF}
		{6C88B609-85F6-41B3-B238-3BC565020F43} = {4F6617DE-1193-47A8-8BF5-356EE9B1EFCF}
		{34FC2F26-E493-4097-AEA4-63C823D0170D} = {4F6617DE-1193-47A8-8BF5-356EE9B1EFCF}
		{08ACCD23-BD7A-40CA-9F5E-B29527B6F0D7} = {2C74692B-804B-48FF-9A70-494689054B4B}
		{F605B1AF-26D2-4783-AE2B-CA7599815DAD} = {2C74692B-804B-48FF-9A70-494689054B4B}
		{E8C81EA7-6B78-45AB-ACC2-EBF510076D19} = {2C74692B-804B-48FF-9A70-494689054B4B}
	EndGlobalSection
	GlobalSection(ExtensibilityGlobals) = postSolution
		SolutionGuid = {5DDDDCFA-446A-478D-A9A0-61149FDA00D9}
	EndGlobalSection
EndGlobal
